// !$*UTF8*$!
{
	archiveVersion = 1;
	classes = {
	};
	objectVersion = 77;
	objects = {

/* Begin PBXContainerItemProxy section */
		CA4A4D3D2DC7325800A601F0 /* PBXContainerItemProxy */ = {
			isa = PBXContainerItemProxy;
			containerPortal = CA4A4D272DC7325600A601F0 /* Project object */;
			proxyType = 1;
			remoteGlobalIDString = CA4A4D2E2DC7325600A601F0;
			remoteInfo = squaregame;
		};
		CA4A4D472DC7325800A601F0 /* PBXContainerItemProxy */ = {
			isa = PBXContainerItemProxy;
			containerPortal = CA4A4D272DC7325600A601F0 /* Project object */;
			proxyType = 1;
			remoteGlobalIDString = CA4A4D2E2DC7325600A601F0;
			remoteInfo = squaregame;
		};
/* End PBXContainerItemProxy section */

/* Begin PBXFileReference section */
		CA4A4D2F2DC7325700A601F0 /* squaregame.app */ = {isa = PBXFileReference; explicitFileType = wrapper.application; includeInIndex = 0; path = squaregame.app; sourceTree = BUILT_PRODUCTS_DIR; };
		CA4A4D3C2DC7325800A601F0 /* squaregameTests.xctest */ = {isa = PBXFileReference; explicitFileType = wrapper.cfbundle; includeInIndex = 0; path = squaregameTests.xctest; sourceTree = BUILT_PRODUCTS_DIR; };
		CA4A4D462DC7325800A601F0 /* squaregameUITests.xctest */ = {isa = PBXFileReference; explicitFileType = wrapper.cfbundle; includeInIndex = 0; path = squaregameUITests.xctest; sourceTree = BUILT_PRODUCTS_DIR; };
/* End PBXFileReference section */

/* Begin PBXFileSystemSynchronizedRootGroup section */
		CA4A4D312DC7325700A601F0 /* squaregame */ = {
			isa = PBXFileSystemSynchronizedRootGroup;
			path = squaregame;
			sourceTree = "<group>";
		};
		CA4A4D3F2DC7325800A601F0 /* squaregameTests */ = {
			isa = PBXFileSystemSynchronizedRootGroup;
			path = squaregameTests;
			sourceTree = "<group>";
		};
		CA4A4D492DC7325800A601F0 /* squaregameUITests */ = {
			isa = PBXFileSystemSynchronizedRootGroup;
			path = squaregameUITests;
			sourceTree = "<group>";
		};
/* End PBXFileSystemSynchronizedRootGroup section */

/* Begin PBXFrameworksBuildPhase section */
		CA4A4D2C2DC7325600A601F0 /* Frameworks */ = {
			isa = PBXFrameworksBuildPhase;
			buildActionMask = 2147483647;
			files = (
			);
			runOnlyForDeploymentPostprocessing = 0;
		};
		CA4A4D392DC7325800A601F0 /* Frameworks */ = {
			isa = PBXFrameworksBuildPhase;
			buildActionMask = 2147483647;
			files = (
			);
			runOnlyForDeploymentPostprocessing = 0;
		};
		CA4A4D432DC7325800A601F0 /* Frameworks */ = {
			isa = PBXFrameworksBuildPhase;
			buildActionMask = 2147483647;
			files = (
			);
			runOnlyForDeploymentPostprocessing = 0;
		};
/* End PBXFrameworksBuildPhase section */

/* Begin PBXGroup section */
		CA4A4D262DC7325600A601F0 = {
			isa = PBXGroup;
			children = (
				CA4A4D312DC7325700A601F0 /* squaregame */,
				CA4A4D3F2DC7325800A601F0 /* squaregameTests */,
				CA4A4D492DC7325800A601F0 /* squaregameUITests */,
				CA4A4D302DC7325700A601F0 /* Products */,
			);
			sourceTree = "<group>";
		};
		CA4A4D302DC7325700A601F0 /* Products */ = {
			isa = PBXGroup;
			children = (
				CA4A4D2F2DC7325700A601F0 /* squaregame.app */,
				CA4A4D3C2DC7325800A601F0 /* squaregameTests.xctest */,
				CA4A4D462DC7325800A601F0 /* squaregameUITests.xctest */,
			);
			name = Products;
			sourceTree = "<group>";
		};
/* End PBXGroup section */

/* Begin PBXNativeTarget section */
		CA4A4D2E2DC7325600A601F0 /* squaregame */ = {
			isa = PBXNativeTarget;
			buildConfigurationList = CA4A4D502DC7325800A601F0 /* Build configuration list for PBXNativeTarget "squaregame" */;
			buildPhases = (
				CA4A4D2B2DC7325600A601F0 /* Sources */,
				CA4A4D2C2DC7325600A601F0 /* Frameworks */,
				CA4A4D2D2DC7325600A601F0 /* Resources */,
			);
			buildRules = (
			);
			dependencies = (
			);
			fileSystemSynchronizedGroups = (
				CA4A4D312DC7325700A601F0 /* squaregame */,
			);
			name = squaregame;
			packageProductDependencies = (
			);
			productName = squaregame;
			productReference = CA4A4D2F2DC7325700A601F0 /* squaregame.app */;
			productType = "com.apple.product-type.application";
		};
		CA4A4D3B2DC7325800A601F0 /* squaregameTests */ = {
			isa = PBXNativeTarget;
			buildConfigurationList = CA4A4D532DC7325800A601F0 /* Build configuration list for PBXNativeTarget "squaregameTests" */;
			buildPhases = (
				CA4A4D382DC7325800A601F0 /* Sources */,
				CA4A4D392DC7325800A601F0 /* Frameworks */,
				CA4A4D3A2DC7325800A601F0 /* Resources */,
			);
			buildRules = (
			);
			dependencies = (
				CA4A4D3E2DC7325800A601F0 /* PBXTargetDependency */,
			);
			fileSystemSynchronizedGroups = (
				CA4A4D3F2DC7325800A601F0 /* squaregameTests */,
			);
			name = squaregameTests;
			packageProductDependencies = (
			);
			productName = squaregameTests;
			productReference = CA4A4D3C2DC7325800A601F0 /* squaregameTests.xctest */;
			productType = "com.apple.product-type.bundle.unit-test";
		};
		CA4A4D452DC7325800A601F0 /* squaregameUITests */ = {
			isa = PBXNativeTarget;
			buildConfigurationList = CA4A4D562DC7325800A601F0 /* Build configuration list for PBXNativeTarget "squaregameUITests" */;
			buildPhases = (
				CA4A4D422DC7325800A601F0 /* Sources */,
				CA4A4D432DC7325800A601F0 /* Frameworks */,
				CA4A4D442DC7325800A601F0 /* Resources */,
			);
			buildRules = (
			);
			dependencies = (
				CA4A4D482DC7325800A601F0 /* PBXTargetDependency */,
			);
			fileSystemSynchronizedGroups = (
				CA4A4D492DC7325800A601F0 /* squaregameUITests */,
			);
			name = squaregameUITests;
			packageProductDependencies = (
			);
			productName = squaregameUITests;
			productReference = CA4A4D462DC7325800A601F0 /* squaregameUITests.xctest */;
			productType = "com.apple.product-type.bundle.ui-testing";
		};
/* End PBXNativeTarget section */

/* Begin PBXProject section */
		CA4A4D272DC7325600A601F0 /* Project object */ = {
			isa = PBXProject;
			attributes = {
				BuildIndependentTargetsInParallel = 1;
				LastSwiftUpdateCheck = 1630;
				LastUpgradeCheck = 1630;
				TargetAttributes = {
					CA4A4D2E2DC7325600A601F0 = {
						CreatedOnToolsVersion = 16.3;
					};
					CA4A4D3B2DC7325800A601F0 = {
						CreatedOnToolsVersion = 16.3;
						TestTargetID = CA4A4D2E2DC7325600A601F0;
					};
					CA4A4D452DC7325800A601F0 = {
						CreatedOnToolsVersion = 16.3;
						TestTargetID = CA4A4D2E2DC7325600A601F0;
					};
				};
			};
			buildConfigurationList = CA4A4D2A2DC7325600A601F0 /* Build configuration list for PBXProject "squaregame" */;
			developmentRegion = en;
			hasScannedForEncodings = 0;
			knownRegions = (
				en,
				Base,
			);
			mainGroup = CA4A4D262DC7325600A601F0;
			minimizedProjectReferenceProxies = 1;
			preferredProjectObjectVersion = 77;
			productRefGroup = CA4A4D302DC7325700A601F0 /* Products */;
			projectDirPath = "";
			projectRoot = "";
			targets = (
				CA4A4D2E2DC7325600A601F0 /* squaregame */,
				CA4A4D3B2DC7325800A601F0 /* squaregameTests */,
				CA4A4D452DC7325800A601F0 /* squaregameUITests */,
			);
		};
/* End PBXProject section */

/* Begin PBXResourcesBuildPhase section */
		CA4A4D2D2DC7325600A601F0 /* Resources */ = {
			isa = PBXResourcesBuildPhase;
			buildActionMask = 2147483647;
			files = (
			);
			runOnlyForDeploymentPostprocessing = 0;
		};
		CA4A4D3A2DC7325800A601F0 /* Resources */ = {
			isa = PBXResourcesBuildPhase;
			buildActionMask = 2147483647;
			files = (
			);
			runOnlyForDeploymentPostprocessing = 0;
		};
		CA4A4D442DC7325800A601F0 /* Resources */ = {
			isa = PBXResourcesBuildPhase;
			buildActionMask = 2147483647;
			files = (
			);
			runOnlyForDeploymentPostprocessing = 0;
		};
/* End PBXResourcesBuildPhase section */

/* Begin PBXSourcesBuildPhase section */
		CA4A4D2B2DC7325600A601F0 /* Sources */ = {
			isa = PBXSourcesBuildPhase;
			buildActionMask = 2147483647;
			files = (
			);
			runOnlyForDeploymentPostprocessing = 0;
		};
		CA4A4D382DC7325800A601F0 /* Sources */ = {
			isa = PBXSourcesBuildPhase;
			buildActionMask = 2147483647;
			files = (
			);
			runOnlyForDeploymentPostprocessing = 0;
		};
		CA4A4D422DC7325800A601F0 /* Sources */ = {
			isa = PBXSourcesBuildPhase;
			buildActionMask = 2147483647;
			files = (
			);
			runOnlyForDeploymentPostprocessing = 0;
		};
/* End PBXSourcesBuildPhase section */

/* Begin PBXTargetDependency section */
		CA4A4D3E2DC7325800A601F0 /* PBXTargetDependency */ = {
			isa = PBXTargetDependency;
			target = CA4A4D2E2DC7325600A601F0 /* squaregame */;
			targetProxy = CA4A4D3D2DC7325800A601F0 /* PBXContainerItemProxy */;
		};
		CA4A4D482DC7325800A601F0 /* PBXTargetDependency */ = {
			isa = PBXTargetDependency;
			target = CA4A4D2E2DC7325600A601F0 /* squaregame */;
			targetProxy = CA4A4D472DC7325800A601F0 /* PBXContainerItemProxy */;
		};
/* End PBXTargetDependency section */

/* Begin XCBuildConfiguration section */
		CA4A4D4E2DC7325800A601F0 /* Debug */ = {
			isa = XCBuildConfiguration;
			buildSettings = {
				ALWAYS_SEARCH_USER_PATHS = NO;
				ASSETCATALOG_COMPILER_GENERATE_SWIFT_ASSET_SYMBOL_EXTENSIONS = YES;
				CLANG_ANALYZER_NONNULL = YES;
				CLANG_ANALYZER_NUMBER_OBJECT_CONVERSION = YES_AGGRESSIVE;
				CLANG_CXX_LANGUAGE_STANDARD = "gnu++20";
				CLANG_ENABLE_MODULES = YES;
				CLANG_ENABLE_OBJC_ARC = YES;
				CLANG_ENABLE_OBJC_WEAK = YES;
				CLANG_WARN_BLOCK_CAPTURE_AUTORELEASING = YES;
				CLANG_WARN_BOOL_CONVERSION = YES;
				CLANG_WARN_COMMA = YES;
				CLANG_WARN_CONSTANT_CONVERSION = YES;
				CLANG_WARN_DEPRECATED_OBJC_IMPLEMENTATIONS = YES;
				CLANG_WARN_DIRECT_OBJC_ISA_USAGE = YES_ERROR;
				CLANG_WARN_DOCUMENTATION_COMMENTS = YES;
				CLANG_WARN_EMPTY_BODY = YES;
				CLANG_WARN_ENUM_CONVERSION = YES;
				CLANG_WARN_INFINITE_RECURSION = YES;
				CLANG_WARN_INT_CONVERSION = YES;
				CLANG_WARN_NON_LITERAL_NULL_CONVERSION = YES;
				CLANG_WARN_OBJC_IMPLICIT_RETAIN_SELF = YES;
				CLANG_WARN_OBJC_LITERAL_CONVERSION = YES;
				CLANG_WARN_OBJC_ROOT_CLASS = YES_ERROR;
				CLANG_WARN_QUOTED_INCLUDE_IN_FRAMEWORK_HEADER = YES;
				CLANG_WARN_RANGE_LOOP_ANALYSIS = YES;
				CLANG_WARN_STRICT_PROTOTYPES = YES;
				CLANG_WARN_SUSPICIOUS_MOVE = YES;
				CLANG_WARN_UNGUARDED_AVAILABILITY = YES_AGGRESSIVE;
				CLANG_WARN_UNREACHABLE_CODE = YES;
				CLANG_WARN__DUPLICATE_METHOD_MATCH = YES;
				COPY_PHASE_STRIP = NO;
				DEBUG_INFORMATION_FORMAT = dwarf;
				ENABLE_STRICT_OBJC_MSGSEND = YES;
				ENABLE_TESTABILITY = YES;
				ENABLE_USER_SCRIPT_SANDBOXING = YES;
				GCC_C_LANGUAGE_STANDARD = gnu17;
				GCC_DYNAMIC_NO_PIC = NO;
				GCC_NO_COMMON_BLOCKS = YES;
				GCC_OPTIMIZATION_LEVEL = 0;
				GCC_PREPROCESSOR_DEFINITIONS = (
					"DEBUG=1",
					"$(inherited)",
				);
				GCC_WARN_64_TO_32_BIT_CONVERSION = YES;
				GCC_WARN_ABOUT_RETURN_TYPE = YES_ERROR;
				GCC_WARN_UNDECLARED_SELECTOR = YES;
				GCC_WARN_UNINITIALIZED_AUTOS = YES_AGGRESSIVE;
				GCC_WARN_UNUSED_FUNCTION = YES;
				GCC_WARN_UNUSED_VARIABLE = YES;
				IPHONEOS_DEPLOYMENT_TARGET = 18.4;
				LOCALIZATION_PREFERS_STRING_CATALOGS = YES;
				MTL_ENABLE_DEBUG_INFO = INCLUDE_SOURCE;
				MTL_FAST_MATH = YES;
				ONLY_ACTIVE_ARCH = YES;
				SDKROOT = iphoneos;
				SWIFT_ACTIVE_COMPILATION_CONDITIONS = "DEBUG $(inherited)";
				SWIFT_OPTIMIZATION_LEVEL = "-Onone";
			};
			name = Debug;
		};
		CA4A4D4F2DC7325800A601F0 /* Release */ = {
			isa = XCBuildConfiguration;
			buildSettings = {
				ALWAYS_SEARCH_USER_PATHS = NO;
				ASSETCATALOG_COMPILER_GENERATE_SWIFT_ASSET_SYMBOL_EXTENSIONS = YES;
				CLANG_ANALYZER_NONNULL = YES;
				CLANG_ANALYZER_NUMBER_OBJECT_CONVERSION = YES_AGGRESSIVE;
				CLANG_CXX_LANGUAGE_STANDARD = "gnu++20";
				CLANG_ENABLE_MODULES = YES;
				CLANG_ENABLE_OBJC_ARC = YES;
				CLANG_ENABLE_OBJC_WEAK = YES;
				CLANG_WARN_BLOCK_CAPTURE_AUTORELEASING = YES;
				CLANG_WARN_BOOL_CONVERSION = YES;
				CLANG_WARN_COMMA = YES;
				CLANG_WARN_CONSTANT_CONVERSION = YES;
				CLANG_WARN_DEPRECATED_OBJC_IMPLEMENTATIONS = YES;
				CLANG_WARN_DIRECT_OBJC_ISA_USAGE = YES_ERROR;
				CLANG_WARN_DOCUMENTATION_COMMENTS = YES;
				CLANG_WARN_EMPTY_BODY = YES;
				CLANG_WARN_ENUM_CONVERSION = YES;
				CLANG_WARN_INFINITE_RECURSION = YES;
				CLANG_WARN_INT_CONVERSION = YES;
				CLANG_WARN_NON_LITERAL_NULL_CONVERSION = YES;
				CLANG_WARN_OBJC_IMPLICIT_RETAIN_SELF = YES;
				CLANG_WARN_OBJC_LITERAL_CONVERSION = YES;
				CLANG_WARN_OBJC_ROOT_CLASS = YES_ERROR;
				CLANG_WARN_QUOTED_INCLUDE_IN_FRAMEWORK_HEADER = YES;
				CLANG_WARN_RANGE_LOOP_ANALYSIS = YES;
				CLANG_WARN_STRICT_PROTOTYPES = YES;
				CLANG_WARN_SUSPICIOUS_MOVE = YES;
				CLANG_WARN_UNGUARDED_AVAILABILITY = YES_AGGRESSIVE;
				CLANG_WARN_UNREACHABLE_CODE = YES;
				CLANG_WARN__DUPLICATE_METHOD_MATCH = YES;
				COPY_PHASE_STRIP = NO;
				DEBUG_INFORMATION_FORMAT = "dwarf-with-dsym";
				ENABLE_NS_ASSERTIONS = NO;
				ENABLE_STRICT_OBJC_MSGSEND = YES;
				ENABLE_USER_SCRIPT_SANDBOXING = YES;
				GCC_C_LANGUAGE_STANDARD = gnu17;
				GCC_NO_COMMON_BLOCKS = YES;
				GCC_WARN_64_TO_32_BIT_CONVERSION = YES;
				GCC_WARN_ABOUT_RETURN_TYPE = YES_ERROR;
				GCC_WARN_UNDECLARED_SELECTOR = YES;
				GCC_WARN_UNINITIALIZED_AUTOS = YES_AGGRESSIVE;
				GCC_WARN_UNUSED_FUNCTION = YES;
				GCC_WARN_UNUSED_VARIABLE = YES;
				IPHONEOS_DEPLOYMENT_TARGET = 18.4;
				LOCALIZATION_PREFERS_STRING_CATALOGS = YES;
				MTL_ENABLE_DEBUG_INFO = NO;
				MTL_FAST_MATH = YES;
				SDKROOT = iphoneos;
				SWIFT_COMPILATION_MODE = wholemodule;
				VALIDATE_PRODUCT = YES;
			};
			name = Release;
		};
		CA4A4D512DC7325800A601F0 /* Debug */ = {
			isa = XCBuildConfiguration;
			buildSettings = {
				ASSETCATALOG_COMPILER_APPICON_NAME = AppIcon;
				ASSETCATALOG_COMPILER_GLOBAL_ACCENT_COLOR_NAME = AccentColor;
				CODE_SIGN_STYLE = Automatic;
				CURRENT_PROJECT_VERSION = 1;
				ENABLE_PREVIEWS = YES;
				GENERATE_INFOPLIST_FILE = YES;
				INFOPLIST_KEY_UIApplicationSceneManifest_Generation = YES;
				INFOPLIST_KEY_UIApplicationSupportsIndirectInputEvents = YES;
				INFOPLIST_KEY_UILaunchScreen_Generation = YES;
				INFOPLIST_KEY_UISupportedInterfaceOrientations_iPad = "UIInterfaceOrientationPortrait UIInterfaceOrientationPortraitUpsideDown UIInterfaceOrientationLandscapeLeft UIInterfaceOrientationLandscapeRight";
				INFOPLIST_KEY_UISupportedInterfaceOrientations_iPhone = "UIInterfaceOrientationPortrait UIInterfaceOrientationLandscapeLeft UIInterfaceOrientationLandscapeRight";
				LD_RUNPATH_SEARCH_PATHS = (
					"$(inherited)",
					"@executable_path/Frameworks",
				);
				MARKETING_VERSION = 1.0;
				PRODUCT_BUNDLE_IDENTIFIER = akash.squaregame;
				PRODUCT_NAME = "$(TARGET_NAME)";
				SWIFT_EMIT_LOC_STRINGS = YES;
				SWIFT_VERSION = 5.0;
				TARGETED_DEVICE_FAMILY = "1,2";
			};
			name = Debug;
		};
		CA4A4D522DC7325800A601F0 /* Release */ = {
			isa = XCBuildConfiguration;
			buildSettings = {
				ASSETCATALOG_COMPILER_APPICON_NAME = AppIcon;
				ASSETCATALOG_COMPILER_GLOBAL_ACCENT_COLOR_NAME = AccentColor;
				CODE_SIGN_STYLE = Automatic;
				CURRENT_PROJECT_VERSION = 1;
				ENABLE_PREVIEWS = YES;
				GENERATE_INFOPLIST_FILE = YES;
				INFOPLIST_KEY_UIApplicationSceneManifest_Generation = YES;
				INFOPLIST_KEY_UIApplicationSupportsIndirectInputEvents = YES;
				INFOPLIST_KEY_UILaunchScreen_Generation = YES;
				INFOPLIST_KEY_UISupportedInterfaceOrientations_iPad = "UIInterfaceOrientationPortrait UIInterfaceOrientationPortraitUpsideDown UIInterfaceOrientationLandscapeLeft UIInterfaceOrientationLandscapeRight";
				INFOPLIST_KEY_UISupportedInterfaceOrientations_iPhone = "UIInterfaceOrientationPortrait UIInterfaceOrientationLandscapeLeft UIInterfaceOrientationLandscapeRight";
				LD_RUNPATH_SEARCH_PATHS = (
					"$(inherited)",
					"@executable_path/Frameworks",
				);
				MARKETING_VERSION = 1.0;
				PRODUCT_BUNDLE_IDENTIFIER = akash.squaregame;
				PRODUCT_NAME = "$(TARGET_NAME)";
				SWIFT_EMIT_LOC_STRINGS = YES;
				SWIFT_VERSION = 5.0;
				TARGETED_DEVICE_FAMILY = "1,2";
			};
			name = Release;
		};
		CA4A4D542DC7325800A601F0 /* Debug */ = {
			isa = XCBuildConfiguration;
			buildSettings = {
				BUNDLE_LOADER = "$(TEST_HOST)";
				CODE_SIGN_STYLE = Automatic;
				CURRENT_PROJECT_VERSION = 1;
				GENERATE_INFOPLIST_FILE = YES;
				IPHONEOS_DEPLOYMENT_TARGET = 18.4;
				MARKETING_VERSION = 1.0;
				PRODUCT_BUNDLE_IDENTIFIER = akash.squaregameTests;
				PRODUCT_NAME = "$(TARGET_NAME)";
				SWIFT_EMIT_LOC_STRINGS = NO;
				SWIFT_VERSION = 5.0;
				TARGETED_DEVICE_FAMILY = "1,2";
				TEST_HOST = "$(BUILT_PRODUCTS_DIR)/squaregame.app/$(BUNDLE_EXECUTABLE_FOLDER_PATH)/squaregame";
			};
			name = Debug;
		};
		CA4A4D552DC7325800A601F0 /* Release */ = {
			isa = XCBuildConfiguration;
			buildSettings = {
				BUNDLE_LOADER = "$(TEST_HOST)";
				CODE_SIGN_STYLE = Automatic;
				CURRENT_PROJECT_VERSION = 1;
				GENERATE_INFOPLIST_FILE = YES;
				IPHONEOS_DEPLOYMENT_TARGET = 18.4;
				MARKETING_VERSION = 1.0;
				PRODUCT_BUNDLE_IDENTIFIER = akash.squaregameTests;
				PRODUCT_NAME = "$(TARGET_NAME)";
				SWIFT_EMIT_LOC_STRINGS = NO;
				SWIFT_VERSION = 5.0;
				TARGETED_DEVICE_FAMILY = "1,2";
				TEST_HOST = "$(BUILT_PRODUCTS_DIR)/squaregame.app/$(BUNDLE_EXECUTABLE_FOLDER_PATH)/squaregame";
			};
			name = Release;
		};
		CA4A4D572DC7325800A601F0 /* Debug */ = {
			isa = XCBuildConfiguration;
			buildSettings = {
				CODE_SIGN_STYLE = Automatic;
				CURRENT_PROJECT_VERSION = 1;
				GENERATE_INFOPLIST_FILE = YES;
				MARKETING_VERSION = 1.0;
				PRODUCT_BUNDLE_IDENTIFIER = akash.squaregameUITests;
				PRODUCT_NAME = "$(TARGET_NAME)";
				SWIFT_EMIT_LOC_STRINGS = NO;
				SWIFT_VERSION = 5.0;
				TARGETED_DEVICE_FAMILY = "1,2";
				TEST_TARGET_NAME = squaregame;
			};
			name = Debug;
		};
		CA4A4D582DC7325800A601F0 /* Release */ = {
			isa = XCBuildConfiguration;
			buildSettings = {
				CODE_SIGN_STYLE = Automatic;
				CURRENT_PROJECT_VERSION = 1;
				GENERATE_INFOPLIST_FILE = YES;
				MARKETING_VERSION = 1.0;
				PRODUCT_BUNDLE_IDENTIFIER = akash.squaregameUITests;
				PRODUCT_NAME = "$(TARGET_NAME)";
				SWIFT_EMIT_LOC_STRINGS = NO;
				SWIFT_VERSION = 5.0;
				TARGETED_DEVICE_FAMILY = "1,2";
				TEST_TARGET_NAME = squaregame;
			};
			name = Release;
		};
/* End XCBuildConfiguration section */

/* Begin XCConfigurationList section */
		CA4A4D2A2DC7325600A601F0 /* Build configuration list for PBXProject "squaregame" */ = {
			isa = XCConfigurationList;
			buildConfigurations = (
				CA4A4D4E2DC7325800A601F0 /* Debug */,
				CA4A4D4F2DC7325800A601F0 /* Release */,
			);
			defaultConfigurationIsVisible = 0;
			defaultConfigurationName = Release;
		};
		CA4A4D502DC7325800A601F0 /* Build configuration list for PBXNativeTarget "squaregame" */ = {
			isa = XCConfigurationList;
			buildConfigurations = (
				CA4A4D512DC7325800A601F0 /* Debug */,
				CA4A4D522DC7325800A601F0 /* Release */,
			);
			defaultConfigurationIsVisible = 0;
			defaultConfigurationName = Release;
		};
		CA4A4D532DC7325800A601F0 /* Build configuration list for PBXNativeTarget "squaregameTests" */ = {
			isa = XCConfigurationList;
			buildConfigurations = (
				CA4A4D542DC7325800A601F0 /* Debug */,
				CA4A4D552DC7325800A601F0 /* Release */,
			);
			defaultConfigurationIsVisible = 0;
			defaultConfigurationName = Release;
		};
		CA4A4D562DC7325800A601F0 /* Build configuration list for PBXNativeTarget "squaregameUITests" */ = {
			isa = XCConfigurationList;
			buildConfigurations = (
				CA4A4D572DC7325800A601F0 /* Debug */,
				CA4A4D582DC7325800A601F0 /* Release */,
			);
			defaultConfigurationIsVisible = 0;
			defaultConfigurationName = Release;
		};
/* End XCConfigurationList section */
	};
	rootObject = CA4A4D272DC7325600A601F0 /* Project object */;
}
